// !$*UTF8*$!
{
	archiveVersion = 1;
	classes = {
	};
	objectVersion = 55;
	objects = {

/* Begin PBXBuildFile section */
		721C931228816BF6006E8F6C /* ListPresenterTests.swift in Sources */ = {isa = PBXBuildFile; fileRef = 721C931128816BF6006E8F6C /* ListPresenterTests.swift */; };
		721C9317288195E6006E8F6C /* ListViewMock.swift in Sources */ = {isa = PBXBuildFile; fileRef = 721C9316288195E6006E8F6C /* ListViewMock.swift */; };
		721C931A28819683006E8F6C /* ArtNetworkServiceMock.swift in Sources */ = {isa = PBXBuildFile; fileRef = 721C931928819683006E8F6C /* ArtNetworkServiceMock.swift */; };
		721C931C2881A41C006E8F6C /* RouterMock.swift in Sources */ = {isa = PBXBuildFile; fileRef = 721C931B2881A41C006E8F6C /* RouterMock.swift */; };
		72891E43287EAFBF00CAEDCB /* AppDelegate.swift in Sources */ = {isa = PBXBuildFile; fileRef = 72891E42287EAFBF00CAEDCB /* AppDelegate.swift */; };
		72891E45287EAFBF00CAEDCB /* SceneDelegate.swift in Sources */ = {isa = PBXBuildFile; fileRef = 72891E44287EAFBF00CAEDCB /* SceneDelegate.swift */; };
		72891E4C287EAFC000CAEDCB /* Assets.xcassets in Resources */ = {isa = PBXBuildFile; fileRef = 72891E4B287EAFC000CAEDCB /* Assets.xcassets */; };
		72891E4F287EAFC000CAEDCB /* LaunchScreen.storyboard in Resources */ = {isa = PBXBuildFile; fileRef = 72891E4D287EAFC000CAEDCB /* LaunchScreen.storyboard */; };
		72891E64287EAFC000CAEDCB /* rijksmuseumUITests.swift in Sources */ = {isa = PBXBuildFile; fileRef = 72891E63287EAFC000CAEDCB /* rijksmuseumUITests.swift */; };
		72891E73287EB46B00CAEDCB /* Coordinator.swift in Sources */ = {isa = PBXBuildFile; fileRef = 72891E72287EB46B00CAEDCB /* Coordinator.swift */; };
		72891E78287EB5E500CAEDCB /* MainCoordinator.swift in Sources */ = {isa = PBXBuildFile; fileRef = 72891E77287EB5E500CAEDCB /* MainCoordinator.swift */; };
		72891E7E287EB9E400CAEDCB /* ListConfigure.swift in Sources */ = {isa = PBXBuildFile; fileRef = 72891E7D287EB9E400CAEDCB /* ListConfigure.swift */; };
		72891E80287EBA0900CAEDCB /* ListView.swift in Sources */ = {isa = PBXBuildFile; fileRef = 72891E7F287EBA0900CAEDCB /* ListView.swift */; };
		72891E88287EBA8500CAEDCB /* ListPresenter.swift in Sources */ = {isa = PBXBuildFile; fileRef = 72891E87287EBA8500CAEDCB /* ListPresenter.swift */; };
		72891E8A287EBC3900CAEDCB /* DetailPageConfigure.swift in Sources */ = {isa = PBXBuildFile; fileRef = 72891E89287EBC3900CAEDCB /* DetailPageConfigure.swift */; };
		72891E8C287EBC4100CAEDCB /* DetailPageView.swift in Sources */ = {isa = PBXBuildFile; fileRef = 72891E8B287EBC4100CAEDCB /* DetailPageView.swift */; };
		72891E8E287EBC4E00CAEDCB /* DetailPagePresenter.swift in Sources */ = {isa = PBXBuildFile; fileRef = 72891E8D287EBC4E00CAEDCB /* DetailPagePresenter.swift */; };
		72891E95287EE4A100CAEDCB /* ArtNetworkService.swift in Sources */ = {isa = PBXBuildFile; fileRef = 72891E94287EE4A100CAEDCB /* ArtNetworkService.swift */; };
		72891E97287EE88D00CAEDCB /* ArtListItem.swift in Sources */ = {isa = PBXBuildFile; fileRef = 72891E96287EE88D00CAEDCB /* ArtListItem.swift */; };
		72891E9A287F0EC100CAEDCB /* CollectionEndpoint.swift in Sources */ = {isa = PBXBuildFile; fileRef = 72891E99287F0EC100CAEDCB /* CollectionEndpoint.swift */; };
		72891E9C287F1D8F00CAEDCB /* DataResponseError.swift in Sources */ = {isa = PBXBuildFile; fileRef = 72891E9B287F1D8F00CAEDCB /* DataResponseError.swift */; };
		72891E9F287F1DCC00CAEDCB /* String+.swift in Sources */ = {isa = PBXBuildFile; fileRef = 72891E9E287F1DCC00CAEDCB /* String+.swift */; };
		72891EA1287F26AD00CAEDCB /* WebImage.swift in Sources */ = {isa = PBXBuildFile; fileRef = 72891EA0287F26AD00CAEDCB /* WebImage.swift */; };
		72891EA3287F26CA00CAEDCB /* Collection.swift in Sources */ = {isa = PBXBuildFile; fileRef = 72891EA2287F26CA00CAEDCB /* Collection.swift */; };
		72891EA5287F270800CAEDCB /* HTTPURLResponse+.swift in Sources */ = {isa = PBXBuildFile; fileRef = 72891EA4287F270800CAEDCB /* HTTPURLResponse+.swift */; };
		72891EA8287F405B00CAEDCB /* ArtCell.swift in Sources */ = {isa = PBXBuildFile; fileRef = 72891EA7287F405B00CAEDCB /* ArtCell.swift */; };
		72891EAB287F455200CAEDCB /* Kingfisher in Frameworks */ = {isa = PBXBuildFile; productRef = 72891EAA287F455200CAEDCB /* Kingfisher */; };
		72891EAD287F46DC00CAEDCB /* Constants.swift in Sources */ = {isa = PBXBuildFile; fileRef = 72891EAC287F46DC00CAEDCB /* Constants.swift */; };
		72A01E0C287FFF570036F3B4 /* ListViewItemsSourcing.swift in Sources */ = {isa = PBXBuildFile; fileRef = 72A01E0B287FFF570036F3B4 /* ListViewItemsSourcing.swift */; };
		72A01E1028803D170036F3B4 /* IndicatorCell.swift in Sources */ = {isa = PBXBuildFile; fileRef = 72A01E0F28803D170036F3B4 /* IndicatorCell.swift */; };
		72A01E12288048220036F3B4 /* HeaderView.swift in Sources */ = {isa = PBXBuildFile; fileRef = 72A01E11288048220036F3B4 /* HeaderView.swift */; };
		72A01E1A288070470036F3B4 /* ArtDetails.swift in Sources */ = {isa = PBXBuildFile; fileRef = 72A01E19288070470036F3B4 /* ArtDetails.swift */; };
		72A01E1C288070C70036F3B4 /* ArtObject.swift in Sources */ = {isa = PBXBuildFile; fileRef = 72A01E1B288070C70036F3B4 /* ArtObject.swift */; };
		72A01E2228808DDB0036F3B4 /* Localizable.strings in Resources */ = {isa = PBXBuildFile; fileRef = 72A01E2428808DDB0036F3B4 /* Localizable.strings */; };
/* End PBXBuildFile section */

/* Begin PBXContainerItemProxy section */
		72891E56287EAFC000CAEDCB /* PBXContainerItemProxy */ = {
			isa = PBXContainerItemProxy;
			containerPortal = 72891E37287EAFBF00CAEDCB /* Project object */;
			proxyType = 1;
			remoteGlobalIDString = 72891E3E287EAFBF00CAEDCB;
			remoteInfo = rijksmuseum;
		};
		72891E60287EAFC000CAEDCB /* PBXContainerItemProxy */ = {
			isa = PBXContainerItemProxy;
			containerPortal = 72891E37287EAFBF00CAEDCB /* Project object */;
			proxyType = 1;
			remoteGlobalIDString = 72891E3E287EAFBF00CAEDCB;
			remoteInfo = rijksmuseum;
		};
/* End PBXContainerItemProxy section */

/* Begin PBXFileReference section */
		721C931128816BF6006E8F6C /* ListPresenterTests.swift */ = {isa = PBXFileReference; lastKnownFileType = sourcecode.swift; path = ListPresenterTests.swift; sourceTree = "<group>"; };
		721C9316288195E6006E8F6C /* ListViewMock.swift */ = {isa = PBXFileReference; lastKnownFileType = sourcecode.swift; path = ListViewMock.swift; sourceTree = "<group>"; };
		721C931928819683006E8F6C /* ArtNetworkServiceMock.swift */ = {isa = PBXFileReference; lastKnownFileType = sourcecode.swift; path = ArtNetworkServiceMock.swift; sourceTree = "<group>"; };
		721C931B2881A41C006E8F6C /* RouterMock.swift */ = {isa = PBXFileReference; lastKnownFileType = sourcecode.swift; path = RouterMock.swift; sourceTree = "<group>"; };
		72891E3F287EAFBF00CAEDCB /* rijksmuseum.app */ = {isa = PBXFileReference; explicitFileType = wrapper.application; includeInIndex = 0; path = rijksmuseum.app; sourceTree = BUILT_PRODUCTS_DIR; };
		72891E42287EAFBF00CAEDCB /* AppDelegate.swift */ = {isa = PBXFileReference; lastKnownFileType = sourcecode.swift; path = AppDelegate.swift; sourceTree = "<group>"; };
		72891E44287EAFBF00CAEDCB /* SceneDelegate.swift */ = {isa = PBXFileReference; lastKnownFileType = sourcecode.swift; path = SceneDelegate.swift; sourceTree = "<group>"; };
		72891E4B287EAFC000CAEDCB /* Assets.xcassets */ = {isa = PBXFileReference; lastKnownFileType = folder.assetcatalog; path = Assets.xcassets; sourceTree = "<group>"; };
		72891E4E287EAFC000CAEDCB /* Base */ = {isa = PBXFileReference; lastKnownFileType = file.storyboard; name = Base; path = Base.lproj/LaunchScreen.storyboard; sourceTree = "<group>"; };
		72891E50287EAFC000CAEDCB /* Info.plist */ = {isa = PBXFileReference; lastKnownFileType = text.plist.xml; path = Info.plist; sourceTree = "<group>"; };
		72891E55287EAFC000CAEDCB /* rijksmuseumTests.xctest */ = {isa = PBXFileReference; explicitFileType = wrapper.cfbundle; includeInIndex = 0; path = rijksmuseumTests.xctest; sourceTree = BUILT_PRODUCTS_DIR; };
		72891E5F287EAFC000CAEDCB /* rijksmuseumUITests.xctest */ = {isa = PBXFileReference; explicitFileType = wrapper.cfbundle; includeInIndex = 0; path = rijksmuseumUITests.xctest; sourceTree = BUILT_PRODUCTS_DIR; };
		72891E63287EAFC000CAEDCB /* rijksmuseumUITests.swift */ = {isa = PBXFileReference; lastKnownFileType = sourcecode.swift; path = rijksmuseumUITests.swift; sourceTree = "<group>"; };
		72891E72287EB46B00CAEDCB /* Coordinator.swift */ = {isa = PBXFileReference; lastKnownFileType = sourcecode.swift; path = Coordinator.swift; sourceTree = "<group>"; };
		72891E77287EB5E500CAEDCB /* MainCoordinator.swift */ = {isa = PBXFileReference; lastKnownFileType = sourcecode.swift; path = MainCoordinator.swift; sourceTree = "<group>"; };
		72891E7D287EB9E400CAEDCB /* ListConfigure.swift */ = {isa = PBXFileReference; lastKnownFileType = sourcecode.swift; path = ListConfigure.swift; sourceTree = "<group>"; };
		72891E7F287EBA0900CAEDCB /* ListView.swift */ = {isa = PBXFileReference; lastKnownFileType = sourcecode.swift; path = ListView.swift; sourceTree = "<group>"; };
		72891E87287EBA8500CAEDCB /* ListPresenter.swift */ = {isa = PBXFileReference; lastKnownFileType = sourcecode.swift; path = ListPresenter.swift; sourceTree = "<group>"; };
		72891E89287EBC3900CAEDCB /* DetailPageConfigure.swift */ = {isa = PBXFileReference; lastKnownFileType = sourcecode.swift; path = DetailPageConfigure.swift; sourceTree = "<group>"; };
		72891E8B287EBC4100CAEDCB /* DetailPageView.swift */ = {isa = PBXFileReference; lastKnownFileType = sourcecode.swift; path = DetailPageView.swift; sourceTree = "<group>"; };
		72891E8D287EBC4E00CAEDCB /* DetailPagePresenter.swift */ = {isa = PBXFileReference; lastKnownFileType = sourcecode.swift; path = DetailPagePresenter.swift; sourceTree = "<group>"; };
		72891E94287EE4A100CAEDCB /* ArtNetworkService.swift */ = {isa = PBXFileReference; lastKnownFileType = sourcecode.swift; path = ArtNetworkService.swift; sourceTree = "<group>"; };
		72891E96287EE88D00CAEDCB /* ArtListItem.swift */ = {isa = PBXFileReference; lastKnownFileType = sourcecode.swift; path = ArtListItem.swift; sourceTree = "<group>"; };
		72891E99287F0EC100CAEDCB /* CollectionEndpoint.swift */ = {isa = PBXFileReference; lastKnownFileType = sourcecode.swift; path = CollectionEndpoint.swift; sourceTree = "<group>"; };
		72891E9B287F1D8F00CAEDCB /* DataResponseError.swift */ = {isa = PBXFileReference; lastKnownFileType = sourcecode.swift; path = DataResponseError.swift; sourceTree = "<group>"; };
		72891E9E287F1DCC00CAEDCB /* String+.swift */ = {isa = PBXFileReference; lastKnownFileType = sourcecode.swift; path = "String+.swift"; sourceTree = "<group>"; };
		72891EA0287F26AD00CAEDCB /* WebImage.swift */ = {isa = PBXFileReference; lastKnownFileType = sourcecode.swift; path = WebImage.swift; sourceTree = "<group>"; };
		72891EA2287F26CA00CAEDCB /* Collection.swift */ = {isa = PBXFileReference; lastKnownFileType = sourcecode.swift; path = Collection.swift; sourceTree = "<group>"; };
		72891EA4287F270800CAEDCB /* HTTPURLResponse+.swift */ = {isa = PBXFileReference; lastKnownFileType = sourcecode.swift; path = "HTTPURLResponse+.swift"; sourceTree = "<group>"; };
		72891EA7287F405B00CAEDCB /* ArtCell.swift */ = {isa = PBXFileReference; lastKnownFileType = sourcecode.swift; path = ArtCell.swift; sourceTree = "<group>"; };
		72891EAC287F46DC00CAEDCB /* Constants.swift */ = {isa = PBXFileReference; lastKnownFileType = sourcecode.swift; path = Constants.swift; sourceTree = "<group>"; };
		72A01E0B287FFF570036F3B4 /* ListViewItemsSourcing.swift */ = {isa = PBXFileReference; lastKnownFileType = sourcecode.swift; path = ListViewItemsSourcing.swift; sourceTree = "<group>"; };
		72A01E0F28803D170036F3B4 /* IndicatorCell.swift */ = {isa = PBXFileReference; lastKnownFileType = sourcecode.swift; path = IndicatorCell.swift; sourceTree = "<group>"; };
		72A01E11288048220036F3B4 /* HeaderView.swift */ = {isa = PBXFileReference; lastKnownFileType = sourcecode.swift; path = HeaderView.swift; sourceTree = "<group>"; };
		72A01E19288070470036F3B4 /* ArtDetails.swift */ = {isa = PBXFileReference; lastKnownFileType = sourcecode.swift; path = ArtDetails.swift; sourceTree = "<group>"; };
		72A01E1B288070C70036F3B4 /* ArtObject.swift */ = {isa = PBXFileReference; lastKnownFileType = sourcecode.swift; path = ArtObject.swift; sourceTree = "<group>"; };
		72A01E2328808DDB0036F3B4 /* en */ = {isa = PBXFileReference; lastKnownFileType = text.plist.strings; name = en; path = en.lproj/Localizable.strings; sourceTree = "<group>"; };
/* End PBXFileReference section */

/* Begin PBXFrameworksBuildPhase section */
		72891E3C287EAFBF00CAEDCB /* Frameworks */ = {
			isa = PBXFrameworksBuildPhase;
			buildActionMask = 2147483647;
			files = (
				72891EAB287F455200CAEDCB /* Kingfisher in Frameworks */,
			);
			runOnlyForDeploymentPostprocessing = 0;
		};
		72891E52287EAFC000CAEDCB /* Frameworks */ = {
			isa = PBXFrameworksBuildPhase;
			buildActionMask = 2147483647;
			files = (
			);
			runOnlyForDeploymentPostprocessing = 0;
		};
		72891E5C287EAFC000CAEDCB /* Frameworks */ = {
			isa = PBXFrameworksBuildPhase;
			buildActionMask = 2147483647;
			files = (
			);
			runOnlyForDeploymentPostprocessing = 0;
		};
/* End PBXFrameworksBuildPhase section */

/* Begin PBXGroup section */
		721C9315288194DF006E8F6C /* ListPresenterTests */ = {
			isa = PBXGroup;
			children = (
				721C931128816BF6006E8F6C /* ListPresenterTests.swift */,
			);
			path = ListPresenterTests;
			sourceTree = "<group>";
		};
		721C931828819675006E8F6C /* Mocks */ = {
			isa = PBXGroup;
			children = (
				721C9316288195E6006E8F6C /* ListViewMock.swift */,
				721C931928819683006E8F6C /* ArtNetworkServiceMock.swift */,
				721C931B2881A41C006E8F6C /* RouterMock.swift */,
			);
			path = Mocks;
			sourceTree = "<group>";
		};
		72891E36287EAFBF00CAEDCB = {
			isa = PBXGroup;
			children = (
				72891E41287EAFBF00CAEDCB /* rijksmuseum */,
				72891E58287EAFC000CAEDCB /* rijksmuseumTests */,
				72891E62287EAFC000CAEDCB /* rijksmuseumUITests */,
				72891E40287EAFBF00CAEDCB /* Products */,
			);
			sourceTree = "<group>";
		};
		72891E40287EAFBF00CAEDCB /* Products */ = {
			isa = PBXGroup;
			children = (
				72891E3F287EAFBF00CAEDCB /* rijksmuseum.app */,
				72891E55287EAFC000CAEDCB /* rijksmuseumTests.xctest */,
				72891E5F287EAFC000CAEDCB /* rijksmuseumUITests.xctest */,
			);
			name = Products;
			sourceTree = "<group>";
		};
		72891E41287EAFBF00CAEDCB /* rijksmuseum */ = {
			isa = PBXGroup;
			children = (
				72891E9D287F1DB900CAEDCB /* Helpers */,
				72891E42287EAFBF00CAEDCB /* AppDelegate.swift */,
				72891E44287EAFBF00CAEDCB /* SceneDelegate.swift */,
				72891E74287EB5A800CAEDCB /* Coordinator */,
				72891E7C287EB87300CAEDCB /* Modules */,
				72891E93287EE41A00CAEDCB /* Services */,
				72891EAC287F46DC00CAEDCB /* Constants.swift */,
				72891E4D287EAFC000CAEDCB /* LaunchScreen.storyboard */,
				72891E4B287EAFC000CAEDCB /* Assets.xcassets */,
				72891E50287EAFC000CAEDCB /* Info.plist */,
				72A01E2428808DDB0036F3B4 /* Localizable.strings */,
			);
			path = rijksmuseum;
			sourceTree = "<group>";
		};
		72891E58287EAFC000CAEDCB /* rijksmuseumTests */ = {
			isa = PBXGroup;
			children = (
				721C931828819675006E8F6C /* Mocks */,
				721C9315288194DF006E8F6C /* ListPresenterTests */,
			);
			path = rijksmuseumTests;
			sourceTree = "<group>";
		};
		72891E62287EAFC000CAEDCB /* rijksmuseumUITests */ = {
			isa = PBXGroup;
			children = (
				72891E63287EAFC000CAEDCB /* rijksmuseumUITests.swift */,
			);
			path = rijksmuseumUITests;
			sourceTree = "<group>";
		};
		72891E74287EB5A800CAEDCB /* Coordinator */ = {
			isa = PBXGroup;
			children = (
				72891E72287EB46B00CAEDCB /* Coordinator.swift */,
				72891E77287EB5E500CAEDCB /* MainCoordinator.swift */,
			);
			path = Coordinator;
			sourceTree = "<group>";
		};
		72891E7A287EB7DB00CAEDCB /* ListModule */ = {
			isa = PBXGroup;
			children = (
				72A01E0A287FFF480036F3B4 /* Common */,
				72891EA6287F403C00CAEDCB /* Views */,
				72891E7D287EB9E400CAEDCB /* ListConfigure.swift */,
				72891E7F287EBA0900CAEDCB /* ListView.swift */,
				72891E87287EBA8500CAEDCB /* ListPresenter.swift */,
			);
			path = ListModule;
			sourceTree = "<group>";
		};
		72891E7B287EB82500CAEDCB /* DetailPageModule */ = {
			isa = PBXGroup;
			children = (
				72891E89287EBC3900CAEDCB /* DetailPageConfigure.swift */,
				72891E8B287EBC4100CAEDCB /* DetailPageView.swift */,
				72891E8D287EBC4E00CAEDCB /* DetailPagePresenter.swift */,
			);
			path = DetailPageModule;
			sourceTree = "<group>";
		};
		72891E7C287EB87300CAEDCB /* Modules */ = {
			isa = PBXGroup;
			children = (
				72891E7A287EB7DB00CAEDCB /* ListModule */,
				72891E7B287EB82500CAEDCB /* DetailPageModule */,
			);
			path = Modules;
			sourceTree = "<group>";
		};
		72891E93287EE41A00CAEDCB /* Services */ = {
			isa = PBXGroup;
			children = (
				72891E98287F0C5E00CAEDCB /* Models */,
				72891E94287EE4A100CAEDCB /* ArtNetworkService.swift */,
				72891E99287F0EC100CAEDCB /* CollectionEndpoint.swift */,
				72891E9B287F1D8F00CAEDCB /* DataResponseError.swift */,
			);
			path = Services;
			sourceTree = "<group>";
		};
		72891E98287F0C5E00CAEDCB /* Models */ = {
			isa = PBXGroup;
			children = (
				72891EA2287F26CA00CAEDCB /* Collection.swift */,
				72891E96287EE88D00CAEDCB /* ArtListItem.swift */,
				72891EA0287F26AD00CAEDCB /* WebImage.swift */,
				72A01E19288070470036F3B4 /* ArtDetails.swift */,
				72A01E1B288070C70036F3B4 /* ArtObject.swift */,
			);
			path = Models;
			sourceTree = "<group>";
		};
		72891E9D287F1DB900CAEDCB /* Helpers */ = {
			isa = PBXGroup;
			children = (
				72891E9E287F1DCC00CAEDCB /* String+.swift */,
				72891EA4287F270800CAEDCB /* HTTPURLResponse+.swift */,
			);
			path = Helpers;
			sourceTree = "<group>";
		};
		72891EA6287F403C00CAEDCB /* Views */ = {
			isa = PBXGroup;
			children = (
				72891EA7287F405B00CAEDCB /* ArtCell.swift */,
				72A01E0F28803D170036F3B4 /* IndicatorCell.swift */,
				72A01E11288048220036F3B4 /* HeaderView.swift */,
			);
			path = Views;
			sourceTree = "<group>";
		};
		72A01E0A287FFF480036F3B4 /* Common */ = {
			isa = PBXGroup;
			children = (
				72A01E0B287FFF570036F3B4 /* ListViewItemsSourcing.swift */,
			);
			path = Common;
			sourceTree = "<group>";
		};
/* End PBXGroup section */

/* Begin PBXNativeTarget section */
		72891E3E287EAFBF00CAEDCB /* rijksmuseum */ = {
			isa = PBXNativeTarget;
			buildConfigurationList = 72891E69287EAFC000CAEDCB /* Build configuration list for PBXNativeTarget "rijksmuseum" */;
			buildPhases = (
				72891E3B287EAFBF00CAEDCB /* Sources */,
				72891E3C287EAFBF00CAEDCB /* Frameworks */,
				72891E3D287EAFBF00CAEDCB /* Resources */,
			);
			buildRules = (
			);
			dependencies = (
			);
			name = rijksmuseum;
			packageProductDependencies = (
				72891EAA287F455200CAEDCB /* Kingfisher */,
			);
			productName = rijksmuseum;
			productReference = 72891E3F287EAFBF00CAEDCB /* rijksmuseum.app */;
			productType = "com.apple.product-type.application";
		};
		72891E54287EAFC000CAEDCB /* rijksmuseumTests */ = {
			isa = PBXNativeTarget;
			buildConfigurationList = 72891E6C287EAFC000CAEDCB /* Build configuration list for PBXNativeTarget "rijksmuseumTests" */;
			buildPhases = (
				72891E51287EAFC000CAEDCB /* Sources */,
				72891E52287EAFC000CAEDCB /* Frameworks */,
				72891E53287EAFC000CAEDCB /* Resources */,
			);
			buildRules = (
			);
			dependencies = (
				72891E57287EAFC000CAEDCB /* PBXTargetDependency */,
			);
			name = rijksmuseumTests;
			productName = rijksmuseumTests;
			productReference = 72891E55287EAFC000CAEDCB /* rijksmuseumTests.xctest */;
			productType = "com.apple.product-type.bundle.unit-test";
		};
		72891E5E287EAFC000CAEDCB /* rijksmuseumUITests */ = {
			isa = PBXNativeTarget;
			buildConfigurationList = 72891E6F287EAFC000CAEDCB /* Build configuration list for PBXNativeTarget "rijksmuseumUITests" */;
			buildPhases = (
				72891E5B287EAFC000CAEDCB /* Sources */,
				72891E5C287EAFC000CAEDCB /* Frameworks */,
				72891E5D287EAFC000CAEDCB /* Resources */,
			);
			buildRules = (
			);
			dependencies = (
				72891E61287EAFC000CAEDCB /* PBXTargetDependency */,
			);
			name = rijksmuseumUITests;
			productName = rijksmuseumUITests;
			productReference = 72891E5F287EAFC000CAEDCB /* rijksmuseumUITests.xctest */;
			productType = "com.apple.product-type.bundle.ui-testing";
		};
/* End PBXNativeTarget section */

/* Begin PBXProject section */
		72891E37287EAFBF00CAEDCB /* Project object */ = {
			isa = PBXProject;
			attributes = {
				BuildIndependentTargetsInParallel = 1;
				LastSwiftUpdateCheck = 1340;
				LastUpgradeCheck = 1340;
				TargetAttributes = {
					72891E3E287EAFBF00CAEDCB = {
						CreatedOnToolsVersion = 13.4.1;
					};
					72891E54287EAFC000CAEDCB = {
						CreatedOnToolsVersion = 13.4.1;
						TestTargetID = 72891E3E287EAFBF00CAEDCB;
					};
					72891E5E287EAFC000CAEDCB = {
						CreatedOnToolsVersion = 13.4.1;
						TestTargetID = 72891E3E287EAFBF00CAEDCB;
					};
				};
			};
			buildConfigurationList = 72891E3A287EAFBF00CAEDCB /* Build configuration list for PBXProject "rijksmuseum" */;
			compatibilityVersion = "Xcode 13.0";
			developmentRegion = en;
			hasScannedForEncodings = 0;
			knownRegions = (
				en,
				Base,
			);
			mainGroup = 72891E36287EAFBF00CAEDCB;
			packageReferences = (
				72891EA9287F455200CAEDCB /* XCRemoteSwiftPackageReference "Kingfisher" */,
			);
			productRefGroup = 72891E40287EAFBF00CAEDCB /* Products */;
			projectDirPath = "";
			projectRoot = "";
			targets = (
				72891E3E287EAFBF00CAEDCB /* rijksmuseum */,
				72891E54287EAFC000CAEDCB /* rijksmuseumTests */,
				72891E5E287EAFC000CAEDCB /* rijksmuseumUITests */,
			);
		};
/* End PBXProject section */

/* Begin PBXResourcesBuildPhase section */
		72891E3D287EAFBF00CAEDCB /* Resources */ = {
			isa = PBXResourcesBuildPhase;
			buildActionMask = 2147483647;
			files = (
				72891E4F287EAFC000CAEDCB /* LaunchScreen.storyboard in Resources */,
				72A01E2228808DDB0036F3B4 /* Localizable.strings in Resources */,
				72891E4C287EAFC000CAEDCB /* Assets.xcassets in Resources */,
			);
			runOnlyForDeploymentPostprocessing = 0;
		};
		72891E53287EAFC000CAEDCB /* Resources */ = {
			isa = PBXResourcesBuildPhase;
			buildActionMask = 2147483647;
			files = (
			);
			runOnlyForDeploymentPostprocessing = 0;
		};
		72891E5D287EAFC000CAEDCB /* Resources */ = {
			isa = PBXResourcesBuildPhase;
			buildActionMask = 2147483647;
			files = (
			);
			runOnlyForDeploymentPostprocessing = 0;
		};
/* End PBXResourcesBuildPhase section */

/* Begin PBXSourcesBuildPhase section */
		72891E3B287EAFBF00CAEDCB /* Sources */ = {
			isa = PBXSourcesBuildPhase;
			buildActionMask = 2147483647;
			files = (
				72891E9A287F0EC100CAEDCB /* CollectionEndpoint.swift in Sources */,
				72891E95287EE4A100CAEDCB /* ArtNetworkService.swift in Sources */,
				72891EA3287F26CA00CAEDCB /* Collection.swift in Sources */,
				72A01E1028803D170036F3B4 /* IndicatorCell.swift in Sources */,
				72891E8E287EBC4E00CAEDCB /* DetailPagePresenter.swift in Sources */,
				72891E73287EB46B00CAEDCB /* Coordinator.swift in Sources */,
				72891E43287EAFBF00CAEDCB /* AppDelegate.swift in Sources */,
				72891E9C287F1D8F00CAEDCB /* DataResponseError.swift in Sources */,
				72891E80287EBA0900CAEDCB /* ListView.swift in Sources */,
				72A01E0C287FFF570036F3B4 /* ListViewItemsSourcing.swift in Sources */,
				72891E9F287F1DCC00CAEDCB /* String+.swift in Sources */,
				72891E97287EE88D00CAEDCB /* ArtListItem.swift in Sources */,
				72891E8C287EBC4100CAEDCB /* DetailPageView.swift in Sources */,
				72891EA1287F26AD00CAEDCB /* WebImage.swift in Sources */,
				72891EA8287F405B00CAEDCB /* ArtCell.swift in Sources */,
				72891E78287EB5E500CAEDCB /* MainCoordinator.swift in Sources */,
				72A01E1C288070C70036F3B4 /* ArtObject.swift in Sources */,
				72A01E1A288070470036F3B4 /* ArtDetails.swift in Sources */,
				72891E45287EAFBF00CAEDCB /* SceneDelegate.swift in Sources */,
				72891EAD287F46DC00CAEDCB /* Constants.swift in Sources */,
				72891E88287EBA8500CAEDCB /* ListPresenter.swift in Sources */,
				72891E8A287EBC3900CAEDCB /* DetailPageConfigure.swift in Sources */,
				72891EA5287F270800CAEDCB /* HTTPURLResponse+.swift in Sources */,
				72A01E12288048220036F3B4 /* HeaderView.swift in Sources */,
				72891E7E287EB9E400CAEDCB /* ListConfigure.swift in Sources */,
			);
			runOnlyForDeploymentPostprocessing = 0;
		};
		72891E51287EAFC000CAEDCB /* Sources */ = {
			isa = PBXSourcesBuildPhase;
			buildActionMask = 2147483647;
			files = (
				721C931C2881A41C006E8F6C /* RouterMock.swift in Sources */,
				721C9317288195E6006E8F6C /* ListViewMock.swift in Sources */,
				721C931228816BF6006E8F6C /* ListPresenterTests.swift in Sources */,
				721C931A28819683006E8F6C /* ArtNetworkServiceMock.swift in Sources */,
			);
			runOnlyForDeploymentPostprocessing = 0;
		};
		72891E5B287EAFC000CAEDCB /* Sources */ = {
			isa = PBXSourcesBuildPhase;
			buildActionMask = 2147483647;
			files = (
				72891E64287EAFC000CAEDCB /* rijksmuseumUITests.swift in Sources */,
			);
			runOnlyForDeploymentPostprocessing = 0;
		};
/* End PBXSourcesBuildPhase section */

/* Begin PBXTargetDependency section */
		72891E57287EAFC000CAEDCB /* PBXTargetDependency */ = {
			isa = PBXTargetDependency;
			target = 72891E3E287EAFBF00CAEDCB /* rijksmuseum */;
			targetProxy = 72891E56287EAFC000CAEDCB /* PBXContainerItemProxy */;
		};
		72891E61287EAFC000CAEDCB /* PBXTargetDependency */ = {
			isa = PBXTargetDependency;
			target = 72891E3E287EAFBF00CAEDCB /* rijksmuseum */;
			targetProxy = 72891E60287EAFC000CAEDCB /* PBXContainerItemProxy */;
		};
/* End PBXTargetDependency section */

/* Begin PBXVariantGroup section */
		72891E4D287EAFC000CAEDCB /* LaunchScreen.storyboard */ = {
			isa = PBXVariantGroup;
			children = (
				72891E4E287EAFC000CAEDCB /* Base */,
			);
			name = LaunchScreen.storyboard;
			sourceTree = "<group>";
		};
		72A01E2428808DDB0036F3B4 /* Localizable.strings */ = {
			isa = PBXVariantGroup;
			children = (
				72A01E2328808DDB0036F3B4 /* en */,
			);
			name = Localizable.strings;
			sourceTree = "<group>";
		};
/* End PBXVariantGroup section */

/* Begin XCBuildConfiguration section */
		72891E67287EAFC000CAEDCB /* Debug */ = {
			isa = XCBuildConfiguration;
			buildSettings = {
				ALWAYS_SEARCH_USER_PATHS = NO;
				CLANG_ANALYZER_LOCALIZABILITY_NONLOCALIZED = YES;
				CLANG_ANALYZER_NONNULL = YES;
				CLANG_ANALYZER_NUMBER_OBJECT_CONVERSION = YES_AGGRESSIVE;
				CLANG_CXX_LANGUAGE_STANDARD = "gnu++17";
				CLANG_ENABLE_MODULES = YES;
				CLANG_ENABLE_OBJC_ARC = YES;
				CLANG_ENABLE_OBJC_WEAK = YES;
				CLANG_WARN_BLOCK_CAPTURE_AUTORELEASING = YES;
				CLANG_WARN_BOOL_CONVERSION = YES;
				CLANG_WARN_COMMA = YES;
				CLANG_WARN_CONSTANT_CONVERSION = YES;
				CLANG_WARN_DEPRECATED_OBJC_IMPLEMENTATIONS = YES;
				CLANG_WARN_DIRECT_OBJC_ISA_USAGE = YES_ERROR;
				CLANG_WARN_DOCUMENTATION_COMMENTS = YES;
				CLANG_WARN_EMPTY_BODY = YES;
				CLANG_WARN_ENUM_CONVERSION = YES;
				CLANG_WARN_INFINITE_RECURSION = YES;
				CLANG_WARN_INT_CONVERSION = YES;
				CLANG_WARN_NON_LITERAL_NULL_CONVERSION = YES;
				CLANG_WARN_OBJC_IMPLICIT_RETAIN_SELF = YES;
				CLANG_WARN_OBJC_LITERAL_CONVERSION = YES;
				CLANG_WARN_OBJC_ROOT_CLASS = YES_ERROR;
				CLANG_WARN_QUOTED_INCLUDE_IN_FRAMEWORK_HEADER = YES;
				CLANG_WARN_RANGE_LOOP_ANALYSIS = YES;
				CLANG_WARN_STRICT_PROTOTYPES = YES;
				CLANG_WARN_SUSPICIOUS_MOVE = YES;
				CLANG_WARN_UNGUARDED_AVAILABILITY = YES_AGGRESSIVE;
				CLANG_WARN_UNREACHABLE_CODE = YES;
				CLANG_WARN__DUPLICATE_METHOD_MATCH = YES;
				COPY_PHASE_STRIP = NO;
				DEBUG_INFORMATION_FORMAT = dwarf;
				ENABLE_STRICT_OBJC_MSGSEND = YES;
				ENABLE_TESTABILITY = YES;
				GCC_C_LANGUAGE_STANDARD = gnu11;
				GCC_DYNAMIC_NO_PIC = NO;
				GCC_NO_COMMON_BLOCKS = YES;
				GCC_OPTIMIZATION_LEVEL = 0;
				GCC_PREPROCESSOR_DEFINITIONS = (
					"DEBUG=1",
					"$(inherited)",
				);
				GCC_WARN_64_TO_32_BIT_CONVERSION = YES;
				GCC_WARN_ABOUT_RETURN_TYPE = YES_ERROR;
				GCC_WARN_UNDECLARED_SELECTOR = YES;
				GCC_WARN_UNINITIALIZED_AUTOS = YES_AGGRESSIVE;
				GCC_WARN_UNUSED_FUNCTION = YES;
				GCC_WARN_UNUSED_VARIABLE = YES;
				IPHONEOS_DEPLOYMENT_TARGET = 14.0;
				MTL_ENABLE_DEBUG_INFO = INCLUDE_SOURCE;
				MTL_FAST_MATH = YES;
				ONLY_ACTIVE_ARCH = YES;
				SDKROOT = iphoneos;
				SWIFT_ACTIVE_COMPILATION_CONDITIONS = DEBUG;
				SWIFT_OPTIMIZATION_LEVEL = "-Onone";
			};
			name = Debug;
		};
		72891E68287EAFC000CAEDCB /* Release */ = {
			isa = XCBuildConfiguration;
			buildSettings = {
				ALWAYS_SEARCH_USER_PATHS = NO;
				CLANG_ANALYZER_LOCALIZABILITY_NONLOCALIZED = YES;
				CLANG_ANALYZER_NONNULL = YES;
				CLANG_ANALYZER_NUMBER_OBJECT_CONVERSION = YES_AGGRESSIVE;
				CLANG_CXX_LANGUAGE_STANDARD = "gnu++17";
				CLANG_ENABLE_MODULES = YES;
				CLANG_ENABLE_OBJC_ARC = YES;
				CLANG_ENABLE_OBJC_WEAK = YES;
				CLANG_WARN_BLOCK_CAPTURE_AUTORELEASING = YES;
				CLANG_WARN_BOOL_CONVERSION = YES;
				CLANG_WARN_COMMA = YES;
				CLANG_WARN_CONSTANT_CONVERSION = YES;
				CLANG_WARN_DEPRECATED_OBJC_IMPLEMENTATIONS = YES;
				CLANG_WARN_DIRECT_OBJC_ISA_USAGE = YES_ERROR;
				CLANG_WARN_DOCUMENTATION_COMMENTS = YES;
				CLANG_WARN_EMPTY_BODY = YES;
				CLANG_WARN_ENUM_CONVERSION = YES;
				CLANG_WARN_INFINITE_RECURSION = YES;
				CLANG_WARN_INT_CONVERSION = YES;
				CLANG_WARN_NON_LITERAL_NULL_CONVERSION = YES;
				CLANG_WARN_OBJC_IMPLICIT_RETAIN_SELF = YES;
				CLANG_WARN_OBJC_LITERAL_CONVERSION = YES;
				CLANG_WARN_OBJC_ROOT_CLASS = YES_ERROR;
				CLANG_WARN_QUOTED_INCLUDE_IN_FRAMEWORK_HEADER = YES;
				CLANG_WARN_RANGE_LOOP_ANALYSIS = YES;
				CLANG_WARN_STRICT_PROTOTYPES = YES;
				CLANG_WARN_SUSPICIOUS_MOVE = YES;
				CLANG_WARN_UNGUARDED_AVAILABILITY = YES_AGGRESSIVE;
				CLANG_WARN_UNREACHABLE_CODE = YES;
				CLANG_WARN__DUPLICATE_METHOD_MATCH = YES;
				COPY_PHASE_STRIP = NO;
				DEBUG_INFORMATION_FORMAT = "dwarf-with-dsym";
				ENABLE_NS_ASSERTIONS = NO;
				ENABLE_STRICT_OBJC_MSGSEND = YES;
				GCC_C_LANGUAGE_STANDARD = gnu11;
				GCC_NO_COMMON_BLOCKS = YES;
				GCC_WARN_64_TO_32_BIT_CONVERSION = YES;
				GCC_WARN_ABOUT_RETURN_TYPE = YES_ERROR;
				GCC_WARN_UNDECLARED_SELECTOR = YES;
				GCC_WARN_UNINITIALIZED_AUTOS = YES_AGGRESSIVE;
				GCC_WARN_UNUSED_FUNCTION = YES;
				GCC_WARN_UNUSED_VARIABLE = YES;
				IPHONEOS_DEPLOYMENT_TARGET = 14.0;
				MTL_ENABLE_DEBUG_INFO = NO;
				MTL_FAST_MATH = YES;
				SDKROOT = iphoneos;
				SWIFT_COMPILATION_MODE = wholemodule;
				SWIFT_OPTIMIZATION_LEVEL = "-O";
				VALIDATE_PRODUCT = YES;
			};
			name = Release;
		};
		72891E6A287EAFC000CAEDCB /* Debug */ = {
			isa = XCBuildConfiguration;
			buildSettings = {
				ASSETCATALOG_COMPILER_APPICON_NAME = AppIcon;
				ASSETCATALOG_COMPILER_GLOBAL_ACCENT_COLOR_NAME = AccentColor;
				CODE_SIGN_STYLE = Automatic;
				CURRENT_PROJECT_VERSION = 1;
				DEVELOPMENT_TEAM = 4AW3ZWSN4J;
				GENERATE_INFOPLIST_FILE = YES;
				INFOPLIST_FILE = rijksmuseum/Info.plist;
				INFOPLIST_KEY_UIApplicationSupportsIndirectInputEvents = YES;
				INFOPLIST_KEY_UILaunchStoryboardName = LaunchScreen;
				INFOPLIST_KEY_UISupportedInterfaceOrientations = UIInterfaceOrientationPortrait;
				INFOPLIST_KEY_UISupportedInterfaceOrientations_iPad = "UIInterfaceOrientationPortrait UIInterfaceOrientationPortraitUpsideDown UIInterfaceOrientationLandscapeLeft UIInterfaceOrientationLandscapeRight";
				INFOPLIST_KEY_UISupportedInterfaceOrientations_iPhone = "UIInterfaceOrientationPortrait UIInterfaceOrientationLandscapeLeft UIInterfaceOrientationLandscapeRight";
				IPHONEOS_DEPLOYMENT_TARGET = 14.0;
				LD_RUNPATH_SEARCH_PATHS = (
					"$(inherited)",
					"@executable_path/Frameworks",
				);
				MARKETING_VERSION = 1.0;
				PRODUCT_BUNDLE_IDENTIFIER = dmitryshliugaev.rijksmuseum;
				PRODUCT_NAME = "$(TARGET_NAME)";
				SWIFT_EMIT_LOC_STRINGS = YES;
				SWIFT_VERSION = 5.0;
				TARGETED_DEVICE_FAMILY = "1,2";
			};
			name = Debug;
		};
		72891E6B287EAFC000CAEDCB /* Release */ = {
			isa = XCBuildConfiguration;
			buildSettings = {
				ASSETCATALOG_COMPILER_APPICON_NAME = AppIcon;
				ASSETCATALOG_COMPILER_GLOBAL_ACCENT_COLOR_NAME = AccentColor;
				CODE_SIGN_STYLE = Automatic;
				CURRENT_PROJECT_VERSION = 1;
				DEVELOPMENT_TEAM = 4AW3ZWSN4J;
				GENERATE_INFOPLIST_FILE = YES;
				INFOPLIST_FILE = rijksmuseum/Info.plist;
				INFOPLIST_KEY_UIApplicationSupportsIndirectInputEvents = YES;
				INFOPLIST_KEY_UILaunchStoryboardName = LaunchScreen;
				INFOPLIST_KEY_UISupportedInterfaceOrientations = UIInterfaceOrientationPortrait;
				INFOPLIST_KEY_UISupportedInterfaceOrientations_iPad = "UIInterfaceOrientationPortrait UIInterfaceOrientationPortraitUpsideDown UIInterfaceOrientationLandscapeLeft UIInterfaceOrientationLandscapeRight";
				INFOPLIST_KEY_UISupportedInterfaceOrientations_iPhone = "UIInterfaceOrientationPortrait UIInterfaceOrientationLandscapeLeft UIInterfaceOrientationLandscapeRight";
				IPHONEOS_DEPLOYMENT_TARGET = 14.0;
				LD_RUNPATH_SEARCH_PATHS = (
					"$(inherited)",
					"@executable_path/Frameworks",
				);
				MARKETING_VERSION = 1.0;
				PRODUCT_BUNDLE_IDENTIFIER = dmitryshliugaev.rijksmuseum;
				PRODUCT_NAME = "$(TARGET_NAME)";
				SWIFT_EMIT_LOC_STRINGS = YES;
				SWIFT_VERSION = 5.0;
				TARGETED_DEVICE_FAMILY = "1,2";
			};
			name = Release;
		};
		72891E6D287EAFC000CAEDCB /* Debug */ = {
			isa = XCBuildConfiguration;
			buildSettings = {
				ALWAYS_EMBED_SWIFT_STANDARD_LIBRARIES = YES;
				BUNDLE_LOADER = "$(TEST_HOST)";
				CODE_SIGN_STYLE = Automatic;
				CURRENT_PROJECT_VERSION = 1;
				DEVELOPMENT_TEAM = 4AW3ZWSN4J;
				GENERATE_INFOPLIST_FILE = YES;
				IPHONEOS_DEPLOYMENT_TARGET = 15.5;
				MARKETING_VERSION = 1.0;
				PRODUCT_BUNDLE_IDENTIFIER = dmitryshliugaev.rijksmuseumTests;
				PRODUCT_NAME = "$(TARGET_NAME)";
				SWIFT_EMIT_LOC_STRINGS = NO;
				SWIFT_VERSION = 5.0;
				TARGETED_DEVICE_FAMILY = "1,2";
				TEST_HOST = "$(BUILT_PRODUCTS_DIR)/rijksmuseum.app/rijksmuseum";
			};
			name = Debug;
		};
		72891E6E287EAFC000CAEDCB /* Release */ = {
			isa = XCBuildConfiguration;
			buildSettings = {
				ALWAYS_EMBED_SWIFT_STANDARD_LIBRARIES = YES;
				BUNDLE_LOADER = "$(TEST_HOST)";
				CODE_SIGN_STYLE = Automatic;
				CURRENT_PROJECT_VERSION = 1;
				DEVELOPMENT_TEAM = 4AW3ZWSN4J;
				GENERATE_INFOPLIST_FILE = YES;
				IPHONEOS_DEPLOYMENT_TARGET = 15.5;
				MARKETING_VERSION = 1.0;
				PRODUCT_BUNDLE_IDENTIFIER = dmitryshliugaev.rijksmuseumTests;
				PRODUCT_NAME = "$(TARGET_NAME)";
				SWIFT_EMIT_LOC_STRINGS = NO;
				SWIFT_VERSION = 5.0;
				TARGETED_DEVICE_FAMILY = "1,2";
				TEST_HOST = "$(BUILT_PRODUCTS_DIR)/rijksmuseum.app/rijksmuseum";
			};
			name = Release;
		};
		72891E70287EAFC000CAEDCB /* Debug */ = {
			isa = XCBuildConfiguration;
			buildSettings = {
				ALWAYS_EMBED_SWIFT_STANDARD_LIBRARIES = YES;
				CODE_SIGN_STYLE = Automatic;
				CURRENT_PROJECT_VERSION = 1;
				DEVELOPMENT_TEAM = 4AW3ZWSN4J;
				GENERATE_INFOPLIST_FILE = YES;
				MARKETING_VERSION = 1.0;
				PRODUCT_BUNDLE_IDENTIFIER = dmitryshliugaev.rijksmuseumUITests;
				PRODUCT_NAME = "$(TARGET_NAME)";
				SWIFT_EMIT_LOC_STRINGS = NO;
				SWIFT_VERSION = 5.0;
				TARGETED_DEVICE_FAMILY = "1,2";
				TEST_TARGET_NAME = rijksmuseum;
			};
			name = Debug;
		};
		72891E71287EAFC000CAEDCB /* Release */ = {
			isa = XCBuildConfiguration;
			buildSettings = {
				ALWAYS_EMBED_SWIFT_STANDARD_LIBRARIES = YES;
				CODE_SIGN_STYLE = Automatic;
				CURRENT_PROJECT_VERSION = 1;
				DEVELOPMENT_TEAM = 4AW3ZWSN4J;
				GENERATE_INFOPLIST_FILE = YES;
				MARKETING_VERSION = 1.0;
				PRODUCT_BUNDLE_IDENTIFIER = dmitryshliugaev.rijksmuseumUITests;
				PRODUCT_NAME = "$(TARGET_NAME)";
				SWIFT_EMIT_LOC_STRINGS = NO;
				SWIFT_VERSION = 5.0;
				TARGETED_DEVICE_FAMILY = "1,2";
				TEST_TARGET_NAME = rijksmuseum;
			};
			name = Release;
		};
/* End XCBuildConfiguration section */

/* Begin XCConfigurationList section */
		72891E3A287EAFBF00CAEDCB /* Build configuration list for PBXProject "rijksmuseum" */ = {
			isa = XCConfigurationList;
			buildConfigurations = (
				72891E67287EAFC000CAEDCB /* Debug */,
				72891E68287EAFC000CAEDCB /* Release */,
			);
			defaultConfigurationIsVisible = 0;
			defaultConfigurationName = Release;
		};
		72891E69287EAFC000CAEDCB /* Build configuration list for PBXNativeTarget "rijksmuseum" */ = {
			isa = XCConfigurationList;
			buildConfigurations = (
				72891E6A287EAFC000CAEDCB /* Debug */,
				72891E6B287EAFC000CAEDCB /* Release */,
			);
			defaultConfigurationIsVisible = 0;
			defaultConfigurationName = Release;
		};
		72891E6C287EAFC000CAEDCB /* Build configuration list for PBXNativeTarget "rijksmuseumTests" */ = {
			isa = XCConfigurationList;
			buildConfigurations = (
				72891E6D287EAFC000CAEDCB /* Debug */,
				72891E6E287EAFC000CAEDCB /* Release */,
			);
			defaultConfigurationIsVisible = 0;
			defaultConfigurationName = Release;
		};
		72891E6F287EAFC000CAEDCB /* Build configuration list for PBXNativeTarget "rijksmuseumUITests" */ = {
			isa = XCConfigurationList;
			buildConfigurations = (
				72891E70287EAFC000CAEDCB /* Debug */,
				72891E71287EAFC000CAEDCB /* Release */,
			);
			defaultConfigurationIsVisible = 0;
			defaultConfigurationName = Release;
		};
/* End XCConfigurationList section */

/* Begin XCRemoteSwiftPackageReference section */
		72891EA9287F455200CAEDCB /* XCRemoteSwiftPackageReference "Kingfisher" */ = {
			isa = XCRemoteSwiftPackageReference;
			repositoryURL = "https://github.com/onevcat/Kingfisher.git";
			requirement = {
				kind = exactVersion;
				version = 7.3.0;
			};
		};
/* End XCRemoteSwiftPackageReference section */

/* Begin XCSwiftPackageProductDependency section */
		72891EAA287F455200CAEDCB /* Kingfisher */ = {
			isa = XCSwiftPackageProductDependency;
			package = 72891EA9287F455200CAEDCB /* XCRemoteSwiftPackageReference "Kingfisher" */;
			productName = Kingfisher;
		};
/* End XCSwiftPackageProductDependency section */
	};
	rootObject = 72891E37287EAFBF00CAEDCB /* Project object */;
}
